
Microsoft Visual Studio Solution File, Format Version 12.00
# Visual Studio Version 17
VisualStudioVersion = 17.5.002.0
MinimumVisualStudioVersion = 10.0.40219.1
Project("{9A19103F-16F7-4668-BE54-9A1E7A4F7556}") = "AZFunc", "AZFunc\AZFunc.csproj", "{A0C0A26F-6596-4AC4-9F2D-EB976EEEDF7E}"
EndProject
Global
	GlobalSection(SolutionConfigurationPlatforms) = preSolution
		Debug|Any CPU = Debug|Any CPU
		Release|Any CPU = Release|Any CPU
	EndGlobalSection
	GlobalSection(ProjectConfigurationPlatforms) = postSolution
		{A0C0A26F-6596-4AC4-9F2D-EB976EEEDF7E}.Debug|Any CPU.ActiveCfg = Debug|Any CPU
		{A0C0A26F-6596-4AC4-9F2D-EB976EEEDF7E}.Debug|Any CPU.Build.0 = Debug|Any CPU
		{A0C0A26F-6596-4AC4-9F2D-EB976EEEDF7E}.Release|Any CPU.ActiveCfg = Release|Any CPU
		{A0C0A26F-6596-4AC4-9F2D-EB976EEEDF7E}.Release|Any CPU.Build.0 = Release|Any CPU
	EndGlobalSection
	GlobalSection(SolutionProperties) = preSolution
		HideSolutionNode = FALSE
	EndGlobalSection
	GlobalSection(ExtensibilityGlobals) = postSolution
		SolutionGuid = {80AF8BB1-98C9-4AE6-A510-914044008DC0}
	EndGlobalSection
EndGlobal
